
Microsoft Visual Studio Solution File, Format Version 12.00
# Visual Studio Version 17
VisualStudioVersion = 17.10.35122.118
MinimumVisualStudioVersion = 10.0.40219.1
Project("{9A19103F-16F7-4668-BE54-9A1E7A4F7556}") = "QuanLyPhongKham", "QuanLyPhongKham.csproj", "{6488E727-93E5-4EEA-9EAD-9F58B9719699}"
EndProject
Global
	GlobalSection(SolutionConfigurationPlatforms) = preSolution
		Debug|Any CPU = Debug|Any CPU
		Release|Any CPU = Release|Any CPU
	EndGlobalSection
	GlobalSection(ProjectConfigurationPlatforms) = postSolution
		{6488E727-93E5-4EEA-9EAD-9F58B9719699}.Debug|Any CPU.ActiveCfg = Debug|Any CPU
		{6488E727-93E5-4EEA-9EAD-9F58B9719699}.Debug|Any CPU.Build.0 = Debug|Any CPU
		{6488E727-93E5-4EEA-9EAD-9F58B9719699}.Release|Any CPU.ActiveCfg = Release|Any CPU
		{6488E727-93E5-4EEA-9EAD-9F58B9719699}.Release|Any CPU.Build.0 = Release|Any CPU
	EndGlobalSection
	GlobalSection(SolutionProperties) = preSolution
		HideSolutionNode = FALSE
	EndGlobalSection
	GlobalSection(ExtensibilityGlobals) = postSolution
		SolutionGuid = {0F8988CC-88B4-4798-A4B2-9089FFA96FF8}
	EndGlobalSection
EndGlobal
